
Microsoft Visual Studio Solution File, Format Version 12.00
# Visual Studio Version 17
VisualStudioVersion = 17.9.34701.34
MinimumVisualStudioVersion = 10.0.40219.1
Project("{9A19103F-16F7-4668-BE54-9A1E7A4F7556}") = "HmdRotation", "HmdRotation\HmdRotation.csproj", "{77B5D1D0-DDA2-4DDD-9A63-5BF8C63B01AF}"
EndProject
Project("{FAE04EC0-301F-11D3-BF4B-00C04F79EFBC}") = "IpcCmd", "IpcCmd\IpcCmd.csproj", "{14CD2D0B-922E-4935-AD96-ACB7ACDF0D54}"
EndProject
Global
	GlobalSection(SolutionConfigurationPlatforms) = preSolution
		Debug|Any CPU = Debug|Any CPU
		Release|Any CPU = Release|Any CPU
	EndGlobalSection
	GlobalSection(ProjectConfigurationPlatforms) = postSolution
		{77B5D1D0-DDA2-4DDD-9A63-5BF8C63B01AF}.Debug|Any CPU.ActiveCfg = Debug|Any CPU
		{77B5D1D0-DDA2-4DDD-9A63-5BF8C63B01AF}.Debug|Any CPU.Build.0 = Debug|Any CPU
		{77B5D1D0-DDA2-4DDD-9A63-5BF8C63B01AF}.Release|Any CPU.ActiveCfg = Release|Any CPU
		{77B5D1D0-DDA2-4DDD-9A63-5BF8C63B01AF}.Release|Any CPU.Build.0 = Release|Any CPU
		{14CD2D0B-922E-4935-AD96-ACB7ACDF0D54}.Debug|Any CPU.ActiveCfg = Debug|Any CPU
		{14CD2D0B-922E-4935-AD96-ACB7ACDF0D54}.Debug|Any CPU.Build.0 = Debug|Any CPU
		{14CD2D0B-922E-4935-AD96-ACB7ACDF0D54}.Release|Any CPU.ActiveCfg = Release|Any CPU
		{14CD2D0B-922E-4935-AD96-ACB7ACDF0D54}.Release|Any CPU.Build.0 = Release|Any CPU
	EndGlobalSection
	GlobalSection(SolutionProperties) = preSolution
		HideSolutionNode = FALSE
	EndGlobalSection
	GlobalSection(ExtensibilityGlobals) = postSolution
		SolutionGuid = {79128D47-F43E-4434-8056-573DA0219F87}
	EndGlobalSection
EndGlobal
